
Microsoft Visual Studio Solution File, Format Version 12.00
# Visual Studio Version 16
VisualStudioVersion = 16.0.30611.23
MinimumVisualStudioVersion = 10.0.40219.1
Project("{FAE04EC0-301F-11D3-BF4B-00C04F79EFBC}") = "IdentityServer", "IdentityServer\IdentityServer.csproj", "{397D733B-0624-42CD-BC05-AE69AF6F94C1}"
EndProject
Global
	GlobalSection(SolutionConfigurationPlatforms) = preSolution
		Debug|Any CPU = Debug|Any CPU
		Release|Any CPU = Release|Any CPU
	EndGlobalSection
	GlobalSection(ProjectConfigurationPlatforms) = postSolution
		{397D733B-0624-42CD-BC05-AE69AF6F94C1}.Debug|Any CPU.ActiveCfg = Debug|Any CPU
		{397D733B-0624-42CD-BC05-AE69AF6F94C1}.Debug|Any CPU.Build.0 = Debug|Any CPU
		{397D733B-0624-42CD-BC05-AE69AF6F94C1}.Release|Any CPU.ActiveCfg = Release|Any CPU
		{397D733B-0624-42CD-BC05-AE69AF6F94C1}.Release|Any CPU.Build.0 = Release|Any CPU
	EndGlobalSection
	GlobalSection(SolutionProperties) = preSolution
		HideSolutionNode = FALSE
	EndGlobalSection
	GlobalSection(ExtensibilityGlobals) = postSolution
		SolutionGuid = {9647157C-FE0C-4CA3-8F5A-050BCCAE32ED}
	EndGlobalSection
EndGlobal
